// !$*UTF8*$!
{
	archiveVersion = 1;
	classes = {
	};
	objectVersion = 50;
	objects = {

/* Begin PBXBuildFile section */
		366F784228663A5200BA33A3 /* Logger.cpp in Sources */ = {isa = PBXBuildFile; fileRef = 366F783F28663A5200BA33A3 /* Logger.cpp */; };
		366F784328663A5200BA33A3 /* log.cpp in Sources */ = {isa = PBXBuildFile; fileRef = 366F784028663A5200BA33A3 /* log.cpp */; };
		366F784D28663ACE00BA33A3 /* HTMLFileOutput.cpp in Sources */ = {isa = PBXBuildFile; fileRef = 366F784428663ACD00BA33A3 /* HTMLFileOutput.cpp */; };
		366F784E28663ACE00BA33A3 /* TerminalOutput.cpp in Sources */ = {isa = PBXBuildFile; fileRef = 366F784528663ACD00BA33A3 /* TerminalOutput.cpp */; };
		366F784F28663ACE00BA33A3 /* MacOutput.mm in Sources */ = {isa = PBXBuildFile; fileRef = 366F784628663ACE00BA33A3 /* MacOutput.mm */; };
		366F785028663ACE00BA33A3 /* AppleTerminalOutput.mm in Sources */ = {isa = PBXBuildFile; fileRef = 366F784A28663ACE00BA33A3 /* AppleTerminalOutput.mm */; };
		366F785528663B0800BA33A3 /* HTMLFactory.cpp in Sources */ = {isa = PBXBuildFile; fileRef = 366F785128663B0800BA33A3 /* HTMLFactory.cpp */; };
		366F785628663B0800BA33A3 /* TerminalFactory.cpp in Sources */ = {isa = PBXBuildFile; fileRef = 366F785428663B0800BA33A3 /* TerminalFactory.cpp */; };
		667F77D626C57DB80073869F /* main.mm in Sources */ = {isa = PBXBuildFile; fileRef = 667F77D526C57DB80073869F /* main.mm */; };
		667F77ED26C5C9EF0073869F /* pch.cpp in Sources */ = {isa = PBXBuildFile; fileRef = 667F77EB26C5C9EF0073869F /* pch.cpp */; };
		667F77EE26C5C9EF0073869F /* pch.h in Sources */ = {isa = PBXBuildFile; fileRef = 667F77EC26C5C9EF0073869F /* pch.h */; };
		667F77F326C5C9FF0073869F /* StatusFunction.cpp in Sources */ = {isa = PBXBuildFile; fileRef = 667F77EF26C5C9FF0073869F /* StatusFunction.cpp */; };
		667F77F426C5C9FF0073869F /* ConverterStringHelper.h in Sources */ = {isa = PBXBuildFile; fileRef = 667F77F026C5C9FF0073869F /* ConverterStringHelper.h */; };
		667F77F526C5C9FF0073869F /* ConverterStringHelper.cpp in Sources */ = {isa = PBXBuildFile; fileRef = 667F77F126C5C9FF0073869F /* ConverterStringHelper.cpp */; };
		667F77F626C5C9FF0073869F /* StatusFunction.h in Sources */ = {isa = PBXBuildFile; fileRef = 667F77F226C5C9FF0073869F /* StatusFunction.h */; };
		667F77F826C5CA0E0073869F /* ctml.hpp in Sources */ = {isa = PBXBuildFile; fileRef = 667F77F726C5CA0E0073869F /* ctml.hpp */; };
		667F783126C5CAB00073869F /* StackTraceSingleton.cpp in Sources */ = {isa = PBXBuildFile; fileRef = 667F782F26C5CAB00073869F /* StackTraceSingleton.cpp */; };
		667F783226C5CAB00073869F /* StackTraceSingleton.h in Sources */ = {isa = PBXBuildFile; fileRef = 667F783026C5CAB00073869F /* StackTraceSingleton.h */; };
		667F783526C5CAD40073869F /* stacktrace_linux.cpp in Sources */ = {isa = PBXBuildFile; fileRef = 667F783326C5CAD40073869F /* stacktrace_linux.cpp */; };
		667F783626C5CAD40073869F /* stacktrace_linux.h in Sources */ = {isa = PBXBuildFile; fileRef = 667F783426C5CAD40073869F /* stacktrace_linux.h */; };
		667F784326C7353F0073869F /* Cocoa.framework in Frameworks */ = {isa = PBXBuildFile; fileRef = 667F784226C7353F0073869F /* Cocoa.framework */; };
/* End PBXBuildFile section */

/* Begin PBXCopyFilesBuildPhase section */
		667F77D026C57DB80073869F /* CopyFiles */ = {
			isa = PBXCopyFilesBuildPhase;
			buildActionMask = 2147483647;
			dstPath = /usr/share/man/man1/;
			dstSubfolderSpec = 0;
			files = (
			);
			runOnlyForDeploymentPostprocessing = 1;
		};
/* End PBXCopyFilesBuildPhase section */

/* Begin PBXFileReference section */
		366F783E28663A5200BA33A3 /* log.h */ = {isa = PBXFileReference; fileEncoding = 4; lastKnownFileType = sourcecode.c.h; name = log.h; path = ../../logger/logger/core/log.h; sourceTree = "<group>"; };
		366F783F28663A5200BA33A3 /* Logger.cpp */ = {isa = PBXFileReference; fileEncoding = 4; lastKnownFileType = sourcecode.cpp.cpp; name = Logger.cpp; path = ../../logger/logger/core/Logger.cpp; sourceTree = "<group>"; };
		366F784028663A5200BA33A3 /* log.cpp */ = {isa = PBXFileReference; fileEncoding = 4; lastKnownFileType = sourcecode.cpp.cpp; name = log.cpp; path = ../../logger/logger/core/log.cpp; sourceTree = "<group>"; };
		366F784128663A5200BA33A3 /* Logger.h */ = {isa = PBXFileReference; fileEncoding = 4; lastKnownFileType = sourcecode.c.h; name = Logger.h; path = ../../logger/logger/core/Logger.h; sourceTree = "<group>"; };
		366F784428663ACD00BA33A3 /* HTMLFileOutput.cpp */ = {isa = PBXFileReference; fileEncoding = 4; lastKnownFileType = sourcecode.cpp.cpp; name = HTMLFileOutput.cpp; path = ../../logger/logger/core/output/HTMLFileOutput.cpp; sourceTree = "<group>"; };
		366F784528663ACD00BA33A3 /* TerminalOutput.cpp */ = {isa = PBXFileReference; fileEncoding = 4; lastKnownFileType = sourcecode.cpp.cpp; name = TerminalOutput.cpp; path = ../../logger/logger/core/output/TerminalOutput.cpp; sourceTree = "<group>"; };
		366F784628663ACE00BA33A3 /* MacOutput.mm */ = {isa = PBXFileReference; fileEncoding = 4; lastKnownFileType = sourcecode.cpp.objcpp; name = MacOutput.mm; path = ../../logger/logger/core/output/MacOutput.mm; sourceTree = "<group>"; };
		366F784728663ACE00BA33A3 /* HTMLFileOutput.h */ = {isa = PBXFileReference; fileEncoding = 4; lastKnownFileType = sourcecode.c.h; name = HTMLFileOutput.h; path = ../../logger/logger/core/output/HTMLFileOutput.h; sourceTree = "<group>"; };
		366F784828663ACE00BA33A3 /* TerminalOutput.h */ = {isa = PBXFileReference; fileEncoding = 4; lastKnownFileType = sourcecode.c.h; name = TerminalOutput.h; path = ../../logger/logger/core/output/TerminalOutput.h; sourceTree = "<group>"; };
		366F784928663ACE00BA33A3 /* MacOutput.h */ = {isa = PBXFileReference; fileEncoding = 4; lastKnownFileType = sourcecode.c.h; name = MacOutput.h; path = ../../logger/logger/core/output/MacOutput.h; sourceTree = "<group>"; };
		366F784A28663ACE00BA33A3 /* AppleTerminalOutput.mm */ = {isa = PBXFileReference; fileEncoding = 4; lastKnownFileType = sourcecode.cpp.objcpp; name = AppleTerminalOutput.mm; path = ../../logger/logger/core/output/AppleTerminalOutput.mm; sourceTree = "<group>"; };
		366F784B28663ACE00BA33A3 /* BaseOutput.h */ = {isa = PBXFileReference; fileEncoding = 4; lastKnownFileType = sourcecode.c.h; name = BaseOutput.h; path = ../../logger/logger/core/output/BaseOutput.h; sourceTree = "<group>"; };
		366F784C28663ACE00BA33A3 /* AppleTerminalOutput.h */ = {isa = PBXFileReference; fileEncoding = 4; lastKnownFileType = sourcecode.c.h; name = AppleTerminalOutput.h; path = ../../logger/logger/core/output/AppleTerminalOutput.h; sourceTree = "<group>"; };
		366F785128663B0800BA33A3 /* HTMLFactory.cpp */ = {isa = PBXFileReference; fileEncoding = 4; lastKnownFileType = sourcecode.cpp.cpp; name = HTMLFactory.cpp; path = ../../logger/logger/core/output/factory_messages/HTMLFactory.cpp; sourceTree = "<group>"; };
		366F785228663B0800BA33A3 /* HTMLFactory.h */ = {isa = PBXFileReference; fileEncoding = 4; lastKnownFileType = sourcecode.c.h; name = HTMLFactory.h; path = ../../logger/logger/core/output/factory_messages/HTMLFactory.h; sourceTree = "<group>"; };
		366F785328663B0800BA33A3 /* TerminalFactory.h */ = {isa = PBXFileReference; fileEncoding = 4; lastKnownFileType = sourcecode.c.h; name = TerminalFactory.h; path = ../../logger/logger/core/output/factory_messages/TerminalFactory.h; sourceTree = "<group>"; };
		366F785428663B0800BA33A3 /* TerminalFactory.cpp */ = {isa = PBXFileReference; fileEncoding = 4; lastKnownFileType = sourcecode.cpp.cpp; name = TerminalFactory.cpp; path = ../../logger/logger/core/output/factory_messages/TerminalFactory.cpp; sourceTree = "<group>"; };
		667F77D226C57DB80073869F /* test_logger_macos */ = {isa = PBXFileReference; explicitFileType = "compiled.mach-o.executable"; includeInIndex = 0; path = test_logger_macos; sourceTree = BUILT_PRODUCTS_DIR; };
		667F77D526C57DB80073869F /* main.mm */ = {isa = PBXFileReference; explicitFileType = sourcecode.cpp.objcpp; path = main.mm; sourceTree = "<group>"; };
		667F77EB26C5C9EF0073869F /* pch.cpp */ = {isa = PBXFileReference; lastKnownFileType = sourcecode.cpp.cpp; name = pch.cpp; path = ../../logger/pch.cpp; sourceTree = "<group>"; };
		667F77EC26C5C9EF0073869F /* pch.h */ = {isa = PBXFileReference; lastKnownFileType = sourcecode.c.h; name = pch.h; path = ../../logger/pch.h; sourceTree = "<group>"; };
		667F77EF26C5C9FF0073869F /* StatusFunction.cpp */ = {isa = PBXFileReference; lastKnownFileType = sourcecode.cpp.cpp; name = StatusFunction.cpp; path = ../../logger/helpers/StatusFunction.cpp; sourceTree = "<group>"; };
		667F77F026C5C9FF0073869F /* ConverterStringHelper.h */ = {isa = PBXFileReference; lastKnownFileType = sourcecode.c.h; name = ConverterStringHelper.h; path = ../../logger/helpers/ConverterStringHelper.h; sourceTree = "<group>"; };
		667F77F126C5C9FF0073869F /* ConverterStringHelper.cpp */ = {isa = PBXFileReference; lastKnownFileType = sourcecode.cpp.cpp; name = ConverterStringHelper.cpp; path = ../../logger/helpers/ConverterStringHelper.cpp; sourceTree = "<group>"; };
		667F77F226C5C9FF0073869F /* StatusFunction.h */ = {isa = PBXFileReference; lastKnownFileType = sourcecode.c.h; name = StatusFunction.h; path = ../../logger/helpers/StatusFunction.h; sourceTree = "<group>"; };
		667F77F726C5CA0E0073869F /* ctml.hpp */ = {isa = PBXFileReference; lastKnownFileType = sourcecode.cpp.h; name = ctml.hpp; path = ../../logger/logger/html/ctml.hpp; sourceTree = "<group>"; };
		667F782F26C5CAB00073869F /* StackTraceSingleton.cpp */ = {isa = PBXFileReference; lastKnownFileType = sourcecode.cpp.cpp; name = StackTraceSingleton.cpp; path = ../../logger/stacktrace/StackTraceSingleton.cpp; sourceTree = "<group>"; };
		667F783026C5CAB00073869F /* StackTraceSingleton.h */ = {isa = PBXFileReference; lastKnownFileType = sourcecode.c.h; name = StackTraceSingleton.h; path = ../../logger/stacktrace/StackTraceSingleton.h; sourceTree = "<group>"; };
		667F783326C5CAD40073869F /* stacktrace_linux.cpp */ = {isa = PBXFileReference; lastKnownFileType = sourcecode.cpp.cpp; name = stacktrace_linux.cpp; path = ../../logger/stacktrace/linux/stacktrace_linux.cpp; sourceTree = "<group>"; };
		667F783426C5CAD40073869F /* stacktrace_linux.h */ = {isa = PBXFileReference; lastKnownFileType = sourcecode.c.h; name = stacktrace_linux.h; path = ../../logger/stacktrace/linux/stacktrace_linux.h; sourceTree = "<group>"; };
		667F784226C7353F0073869F /* Cocoa.framework */ = {isa = PBXFileReference; lastKnownFileType = wrapper.framework; name = Cocoa.framework; path = System/Library/Frameworks/Cocoa.framework; sourceTree = SDKROOT; };
/* End PBXFileReference section */

/* Begin PBXFrameworksBuildPhase section */
		667F77CF26C57DB80073869F /* Frameworks */ = {
			isa = PBXFrameworksBuildPhase;
			buildActionMask = 2147483647;
			files = (
				667F784326C7353F0073869F /* Cocoa.framework in Frameworks */,
			);
			runOnlyForDeploymentPostprocessing = 0;
		};
/* End PBXFrameworksBuildPhase section */

/* Begin PBXGroup section */
		667F77C926C57DB80073869F = {
			isa = PBXGroup;
			children = (
				667F783726C5CB9A0073869F /* logger_src */,
				667F77D426C57DB80073869F /* test_logger_macos */,
				667F77D326C57DB80073869F /* Products */,
				667F784126C7353F0073869F /* Frameworks */,
			);
			sourceTree = "<group>";
		};
		667F77D326C57DB80073869F /* Products */ = {
			isa = PBXGroup;
			children = (
				667F77D226C57DB80073869F /* test_logger_macos */,
			);
			name = Products;
			sourceTree = "<group>";
		};
		667F77D426C57DB80073869F /* test_logger_macos */ = {
			isa = PBXGroup;
			children = (
				667F77D526C57DB80073869F /* main.mm */,
			);
			path = test_logger_macos;
			sourceTree = "<group>";
		};
		667F783726C5CB9A0073869F /* logger_src */ = {
			isa = PBXGroup;
			children = (
				366F785128663B0800BA33A3 /* HTMLFactory.cpp */,
				366F785228663B0800BA33A3 /* HTMLFactory.h */,
				366F785428663B0800BA33A3 /* TerminalFactory.cpp */,
				366F785328663B0800BA33A3 /* TerminalFactory.h */,
				366F784C28663ACE00BA33A3 /* AppleTerminalOutput.h */,
				366F784A28663ACE00BA33A3 /* AppleTerminalOutput.mm */,
				366F784B28663ACE00BA33A3 /* BaseOutput.h */,
				366F784428663ACD00BA33A3 /* HTMLFileOutput.cpp */,
				366F784728663ACE00BA33A3 /* HTMLFileOutput.h */,
				366F784928663ACE00BA33A3 /* MacOutput.h */,
				366F784628663ACE00BA33A3 /* MacOutput.mm */,
				366F784528663ACD00BA33A3 /* TerminalOutput.cpp */,
				366F784828663ACE00BA33A3 /* TerminalOutput.h */,
				366F784028663A5200BA33A3 /* log.cpp */,
				366F783E28663A5200BA33A3 /* log.h */,
				366F783F28663A5200BA33A3 /* Logger.cpp */,
				366F784128663A5200BA33A3 /* Logger.h */,
				667F783326C5CAD40073869F /* stacktrace_linux.cpp */,
				667F783426C5CAD40073869F /* stacktrace_linux.h */,
				667F782F26C5CAB00073869F /* StackTraceSingleton.cpp */,
				667F783026C5CAB00073869F /* StackTraceSingleton.h */,
				667F77F726C5CA0E0073869F /* ctml.hpp */,
				667F77F126C5C9FF0073869F /* ConverterStringHelper.cpp */,
				667F77F026C5C9FF0073869F /* ConverterStringHelper.h */,
				667F77EF26C5C9FF0073869F /* StatusFunction.cpp */,
				667F77F226C5C9FF0073869F /* StatusFunction.h */,
				667F77EB26C5C9EF0073869F /* pch.cpp */,
				667F77EC26C5C9EF0073869F /* pch.h */,
			);
			name = logger_src;
			sourceTree = "<group>";
		};
		667F784126C7353F0073869F /* Frameworks */ = {
			isa = PBXGroup;
			children = (
				667F784226C7353F0073869F /* Cocoa.framework */,
			);
			name = Frameworks;
			sourceTree = "<group>";
		};
/* End PBXGroup section */

/* Begin PBXNativeTarget section */
		667F77D126C57DB80073869F /* test_logger_macos */ = {
			isa = PBXNativeTarget;
			buildConfigurationList = 667F77D926C57DB80073869F /* Build configuration list for PBXNativeTarget "test_logger_macos" */;
			buildPhases = (
				667F77CE26C57DB80073869F /* Sources */,
				667F77CF26C57DB80073869F /* Frameworks */,
				667F77D026C57DB80073869F /* CopyFiles */,
			);
			buildRules = (
			);
			dependencies = (
			);
			name = test_logger_macos;
			productName = test_logger_macos;
			productReference = 667F77D226C57DB80073869F /* test_logger_macos */;
			productType = "com.apple.product-type.tool";
		};
/* End PBXNativeTarget section */

/* Begin PBXProject section */
		667F77CA26C57DB80073869F /* Project object */ = {
			isa = PBXProject;
			attributes = {
				LastUpgradeCheck = 1250;
				TargetAttributes = {
					667F77D126C57DB80073869F = {
						CreatedOnToolsVersion = 12.5;
					};
				};
			};
			buildConfigurationList = 667F77CD26C57DB80073869F /* Build configuration list for PBXProject "test_logger_macos" */;
			compatibilityVersion = "Xcode 9.3";
			developmentRegion = en;
			hasScannedForEncodings = 0;
			knownRegions = (
				en,
				Base,
			);
			mainGroup = 667F77C926C57DB80073869F;
			productRefGroup = 667F77D326C57DB80073869F /* Products */;
			projectDirPath = "";
			projectRoot = "";
			targets = (
				667F77D126C57DB80073869F /* test_logger_macos */,
			);
		};
/* End PBXProject section */

/* Begin PBXSourcesBuildPhase section */
		667F77CE26C57DB80073869F /* Sources */ = {
			isa = PBXSourcesBuildPhase;
			buildActionMask = 2147483647;
			files = (
				366F784E28663ACE00BA33A3 /* TerminalOutput.cpp in Sources */,
				667F783526C5CAD40073869F /* stacktrace_linux.cpp in Sources */,
				667F783626C5CAD40073869F /* stacktrace_linux.h in Sources */,
				366F784328663A5200BA33A3 /* log.cpp in Sources */,
				366F784F28663ACE00BA33A3 /* MacOutput.mm in Sources */,
				366F785028663ACE00BA33A3 /* AppleTerminalOutput.mm in Sources */,
				667F783126C5CAB00073869F /* StackTraceSingleton.cpp in Sources */,
				667F783226C5CAB00073869F /* StackTraceSingleton.h in Sources */,
				366F785528663B0800BA33A3 /* HTMLFactory.cpp in Sources */,
				667F77F826C5CA0E0073869F /* ctml.hpp in Sources */,
				366F784D28663ACE00BA33A3 /* HTMLFileOutput.cpp in Sources */,
				667F77F326C5C9FF0073869F /* StatusFunction.cpp in Sources */,
				366F785628663B0800BA33A3 /* TerminalFactory.cpp in Sources */,
				667F77F426C5C9FF0073869F /* ConverterStringHelper.h in Sources */,
				366F784228663A5200BA33A3 /* Logger.cpp in Sources */,
				667F77F526C5C9FF0073869F /* ConverterStringHelper.cpp in Sources */,
				667F77F626C5C9FF0073869F /* StatusFunction.h in Sources */,
				667F77ED26C5C9EF0073869F /* pch.cpp in Sources */,
				667F77EE26C5C9EF0073869F /* pch.h in Sources */,
				667F77D626C57DB80073869F /* main.mm in Sources */,
			);
			runOnlyForDeploymentPostprocessing = 0;
		};
/* End PBXSourcesBuildPhase section */

/* Begin XCBuildConfiguration section */
		667F77D726C57DB80073869F /* Debug */ = {
			isa = XCBuildConfiguration;
			buildSettings = {
				ALWAYS_SEARCH_USER_PATHS = NO;
				CLANG_ANALYZER_NONNULL = YES;
				CLANG_ANALYZER_NUMBER_OBJECT_CONVERSION = YES_AGGRESSIVE;
				CLANG_CXX_LANGUAGE_STANDARD = "gnu++14";
				CLANG_CXX_LIBRARY = "libc++";
				CLANG_ENABLE_MODULES = YES;
				CLANG_ENABLE_OBJC_ARC = YES;
				CLANG_ENABLE_OBJC_WEAK = YES;
				CLANG_WARN_BLOCK_CAPTURE_AUTORELEASING = YES;
				CLANG_WARN_BOOL_CONVERSION = YES;
				CLANG_WARN_COMMA = YES;
				CLANG_WARN_CONSTANT_CONVERSION = YES;
				CLANG_WARN_DEPRECATED_OBJC_IMPLEMENTATIONS = YES;
				CLANG_WARN_DIRECT_OBJC_ISA_USAGE = YES_ERROR;
				CLANG_WARN_DOCUMENTATION_COMMENTS = YES;
				CLANG_WARN_EMPTY_BODY = YES;
				CLANG_WARN_ENUM_CONVERSION = YES;
				CLANG_WARN_INFINITE_RECURSION = YES;
				CLANG_WARN_INT_CONVERSION = YES;
				CLANG_WARN_NON_LITERAL_NULL_CONVERSION = YES;
				CLANG_WARN_OBJC_IMPLICIT_RETAIN_SELF = YES;
				CLANG_WARN_OBJC_LITERAL_CONVERSION = YES;
				CLANG_WARN_OBJC_ROOT_CLASS = YES_ERROR;
				CLANG_WARN_QUOTED_INCLUDE_IN_FRAMEWORK_HEADER = YES;
				CLANG_WARN_RANGE_LOOP_ANALYSIS = YES;
				CLANG_WARN_STRICT_PROTOTYPES = YES;
				CLANG_WARN_SUSPICIOUS_MOVE = YES;
				CLANG_WARN_UNGUARDED_AVAILABILITY = YES_AGGRESSIVE;
				CLANG_WARN_UNREACHABLE_CODE = YES;
				CLANG_WARN__DUPLICATE_METHOD_MATCH = YES;
				COPY_PHASE_STRIP = NO;
				DEBUG_INFORMATION_FORMAT = dwarf;
				ENABLE_STRICT_OBJC_MSGSEND = YES;
				ENABLE_TESTABILITY = YES;
				GCC_C_LANGUAGE_STANDARD = gnu11;
				GCC_DYNAMIC_NO_PIC = NO;
				GCC_NO_COMMON_BLOCKS = YES;
				GCC_OPTIMIZATION_LEVEL = 0;
				GCC_PREPROCESSOR_DEFINITIONS = (
					"DEBUG=1",
					"$(inherited)",
				);
				GCC_WARN_64_TO_32_BIT_CONVERSION = YES;
				GCC_WARN_ABOUT_RETURN_TYPE = YES_ERROR;
				GCC_WARN_UNDECLARED_SELECTOR = YES;
				GCC_WARN_UNINITIALIZED_AUTOS = YES_AGGRESSIVE;
				GCC_WARN_UNUSED_FUNCTION = YES;
				GCC_WARN_UNUSED_VARIABLE = YES;
				MACOSX_DEPLOYMENT_TARGET = 11.1;
				MTL_ENABLE_DEBUG_INFO = INCLUDE_SOURCE;
				MTL_FAST_MATH = YES;
				ONLY_ACTIVE_ARCH = YES;
				SDKROOT = macosx;
			};
			name = Debug;
		};
		667F77D826C57DB80073869F /* Release */ = {
			isa = XCBuildConfiguration;
			buildSettings = {
				ALWAYS_SEARCH_USER_PATHS = NO;
				CLANG_ANALYZER_NONNULL = YES;
				CLANG_ANALYZER_NUMBER_OBJECT_CONVERSION = YES_AGGRESSIVE;
				CLANG_CXX_LANGUAGE_STANDARD = "gnu++14";
				CLANG_CXX_LIBRARY = "libc++";
				CLANG_ENABLE_MODULES = YES;
				CLANG_ENABLE_OBJC_ARC = YES;
				CLANG_ENABLE_OBJC_WEAK = YES;
				CLANG_WARN_BLOCK_CAPTURE_AUTORELEASING = YES;
				CLANG_WARN_BOOL_CONVERSION = YES;
				CLANG_WARN_COMMA = YES;
				CLANG_WARN_CONSTANT_CONVERSION = YES;
				CLANG_WARN_DEPRECATED_OBJC_IMPLEMENTATIONS = YES;
				CLANG_WARN_DIRECT_OBJC_ISA_USAGE = YES_ERROR;
				CLANG_WARN_DOCUMENTATION_COMMENTS = YES;
				CLANG_WARN_EMPTY_BODY = YES;
				CLANG_WARN_ENUM_CONVERSION = YES;
				CLANG_WARN_INFINITE_RECURSION = YES;
				CLANG_WARN_INT_CONVERSION = YES;
				CLANG_WARN_NON_LITERAL_NULL_CONVERSION = YES;
				CLANG_WARN_OBJC_IMPLICIT_RETAIN_SELF = YES;
				CLANG_WARN_OBJC_LITERAL_CONVERSION = YES;
				CLANG_WARN_OBJC_ROOT_CLASS = YES_ERROR;
				CLANG_WARN_QUOTED_INCLUDE_IN_FRAMEWORK_HEADER = YES;
				CLANG_WARN_RANGE_LOOP_ANALYSIS = YES;
				CLANG_WARN_STRICT_PROTOTYPES = YES;
				CLANG_WARN_SUSPICIOUS_MOVE = YES;
				CLANG_WARN_UNGUARDED_AVAILABILITY = YES_AGGRESSIVE;
				CLANG_WARN_UNREACHABLE_CODE = YES;
				CLANG_WARN__DUPLICATE_METHOD_MATCH = YES;
				COPY_PHASE_STRIP = NO;
				DEBUG_INFORMATION_FORMAT = "dwarf-with-dsym";
				ENABLE_NS_ASSERTIONS = NO;
				ENABLE_STRICT_OBJC_MSGSEND = YES;
				GCC_C_LANGUAGE_STANDARD = gnu11;
				GCC_NO_COMMON_BLOCKS = YES;
				GCC_WARN_64_TO_32_BIT_CONVERSION = YES;
				GCC_WARN_ABOUT_RETURN_TYPE = YES_ERROR;
				GCC_WARN_UNDECLARED_SELECTOR = YES;
				GCC_WARN_UNINITIALIZED_AUTOS = YES_AGGRESSIVE;
				GCC_WARN_UNUSED_FUNCTION = YES;
				GCC_WARN_UNUSED_VARIABLE = YES;
				MACOSX_DEPLOYMENT_TARGET = 11.1;
				MTL_ENABLE_DEBUG_INFO = NO;
				MTL_FAST_MATH = YES;
				SDKROOT = macosx;
			};
			name = Release;
		};
		667F77DA26C57DB80073869F /* Debug */ = {
			isa = XCBuildConfiguration;
			buildSettings = {
				CLANG_CXX_LANGUAGE_STANDARD = "gnu++17";
				CODE_SIGN_STYLE = Automatic;
				DEVELOPMENT_TEAM = 0000000000;
				ENABLE_HARDENED_RUNTIME = YES;
				GCC_PREPROCESSOR_DEFINITIONS = (
					"DEBUG=1",
					"$(inherited)",
					_MAC,
				);
				HEADER_SEARCH_PATHS = ../../logger/;
				ONLY_ACTIVE_ARCH = NO;
				PRODUCT_NAME = "$(TARGET_NAME)";
			};
			name = Debug;
		};
		667F77DB26C57DB80073869F /* Release */ = {
			isa = XCBuildConfiguration;
			buildSettings = {
				CLANG_CXX_LANGUAGE_STANDARD = "gnu++17";
				CODE_SIGN_STYLE = Automatic;
				DEVELOPMENT_TEAM = 0000000000;
				ENABLE_HARDENED_RUNTIME = YES;
				GCC_PREPROCESSOR_DEFINITIONS = _MAC;
				HEADER_SEARCH_PATHS = ../../logger/;
				PRODUCT_NAME = "$(TARGET_NAME)";
			};
			name = Release;
		};
/* End XCBuildConfiguration section */

/* Begin XCConfigurationList section */
		667F77CD26C57DB80073869F /* Build configuration list for PBXProject "test_logger_macos" */ = {
			isa = XCConfigurationList;
			buildConfigurations = (
				667F77D726C57DB80073869F /* Debug */,
				667F77D826C57DB80073869F /* Release */,
			);
			defaultConfigurationIsVisible = 0;
			defaultConfigurationName = Release;
		};
		667F77D926C57DB80073869F /* Build configuration list for PBXNativeTarget "test_logger_macos" */ = {
			isa = XCConfigurationList;
			buildConfigurations = (
				667F77DA26C57DB80073869F /* Debug */,
				667F77DB26C57DB80073869F /* Release */,
			);
			defaultConfigurationIsVisible = 0;
			defaultConfigurationName = Release;
		};
/* End XCConfigurationList section */
	};
	rootObject = 667F77CA26C57DB80073869F /* Project object */;
}
